
Microsoft Visual Studio Solution File, Format Version 12.00
# Visual Studio 2012
Project("{FAE04EC0-301F-11D3-BF4B-00C04F79EFBC}") = "MvcSalesSystem", "MvcSalesSystem\MvcSalesSystem.csproj", "{F068F9D8-A297-4598-BBC1-C4821642C9E8}"
EndProject
Project("{FAE04EC0-301F-11D3-BF4B-00C04F79EFBC}") = "ModelLayer", "ModelLayer\ModelLayer.csproj", "{55889FD8-58DA-4D00-876B-F3EB57292E45}"
EndProject
Project("{FAE04EC0-301F-11D3-BF4B-00C04F79EFBC}") = "DataLayer", "DataLayer\DataLayer.csproj", "{EE15AC3D-B918-47C2-B93F-B611B9B1D959}"
EndProject
Project("{FAE04EC0-301F-11D3-BF4B-00C04F79EFBC}") = "BusinessLayer", "BusinessLayer\BusinessLayer.csproj", "{8433F751-23D5-4F1D-AF73-F76967306A0F}"
EndProject
Global
	GlobalSection(SolutionConfigurationPlatforms) = preSolution
		Debug|Any CPU = Debug|Any CPU
		Release|Any CPU = Release|Any CPU
	EndGlobalSection
	GlobalSection(ProjectConfigurationPlatforms) = postSolution
		{F068F9D8-A297-4598-BBC1-C4821642C9E8}.Debug|Any CPU.ActiveCfg = Debug|Any CPU
		{F068F9D8-A297-4598-BBC1-C4821642C9E8}.Debug|Any CPU.Build.0 = Debug|Any CPU
		{F068F9D8-A297-4598-BBC1-C4821642C9E8}.Release|Any CPU.ActiveCfg = Release|Any CPU
		{F068F9D8-A297-4598-BBC1-C4821642C9E8}.Release|Any CPU.Build.0 = Release|Any CPU
		{55889FD8-58DA-4D00-876B-F3EB57292E45}.Debug|Any CPU.ActiveCfg = Debug|Any CPU
		{55889FD8-58DA-4D00-876B-F3EB57292E45}.Debug|Any CPU.Build.0 = Debug|Any CPU
		{55889FD8-58DA-4D00-876B-F3EB57292E45}.Release|Any CPU.ActiveCfg = Release|Any CPU
		{55889FD8-58DA-4D00-876B-F3EB57292E45}.Release|Any CPU.Build.0 = Release|Any CPU
		{EE15AC3D-B918-47C2-B93F-B611B9B1D959}.Debug|Any CPU.ActiveCfg = Debug|Any CPU
		{EE15AC3D-B918-47C2-B93F-B611B9B1D959}.Debug|Any CPU.Build.0 = Debug|Any CPU
		{EE15AC3D-B918-47C2-B93F-B611B9B1D959}.Release|Any CPU.ActiveCfg = Release|Any CPU
		{EE15AC3D-B918-47C2-B93F-B611B9B1D959}.Release|Any CPU.Build.0 = Release|Any CPU
		{8433F751-23D5-4F1D-AF73-F76967306A0F}.Debug|Any CPU.ActiveCfg = Debug|Any CPU
		{8433F751-23D5-4F1D-AF73-F76967306A0F}.Debug|Any CPU.Build.0 = Debug|Any CPU
		{8433F751-23D5-4F1D-AF73-F76967306A0F}.Release|Any CPU.ActiveCfg = Release|Any CPU
		{8433F751-23D5-4F1D-AF73-F76967306A0F}.Release|Any CPU.Build.0 = Release|Any CPU
	EndGlobalSection
	GlobalSection(SolutionProperties) = preSolution
		HideSolutionNode = FALSE
	EndGlobalSection
EndGlobal
